
Microsoft Visual Studio Solution File, Format Version 12.00
# Visual Studio Version 16
VisualStudioVersion = 16.0.33927.289
MinimumVisualStudioVersion = 10.0.40219.1
Project("{8BC9CEB8-8B4A-11D0-8D11-00A0C91BC942}") = "第六周作業", "第六周作業\第六周作業.vcxproj", "{26366471-B32D-4ACE-B4ED-3D59C284F772}"
EndProject
Project("{8BC9CEB8-8B4A-11D0-8D11-00A0C91BC942}") = "w6_2", "w6_2\w6_2.vcxproj", "{F49B4366-198B-4983-BB54-BEDDB4A2B3FD}"
EndProject
Global
	GlobalSection(SolutionConfigurationPlatforms) = preSolution
		Debug|x64 = Debug|x64
		Debug|x86 = Debug|x86
		Release|x64 = Release|x64
		Release|x86 = Release|x86
	EndGlobalSection
	GlobalSection(ProjectConfigurationPlatforms) = postSolution
		{26366471-B32D-4ACE-B4ED-3D59C284F772}.Debug|x64.ActiveCfg = Debug|x64
		{26366471-B32D-4ACE-B4ED-3D59C284F772}.Debug|x64.Build.0 = Debug|x64
		{26366471-B32D-4ACE-B4ED-3D59C284F772}.Debug|x86.ActiveCfg = Debug|Win32
		{26366471-B32D-4ACE-B4ED-3D59C284F772}.Debug|x86.Build.0 = Debug|Win32
		{26366471-B32D-4ACE-B4ED-3D59C284F772}.Release|x64.ActiveCfg = Release|x64
		{26366471-B32D-4ACE-B4ED-3D59C284F772}.Release|x64.Build.0 = Release|x64
		{26366471-B32D-4ACE-B4ED-3D59C284F772}.Release|x86.ActiveCfg = Release|Win32
		{26366471-B32D-4ACE-B4ED-3D59C284F772}.Release|x86.Build.0 = Release|Win32
		{F49B4366-198B-4983-BB54-BEDDB4A2B3FD}.Debug|x64.ActiveCfg = Debug|x64
		{F49B4366-198B-4983-BB54-BEDDB4A2B3FD}.Debug|x64.Build.0 = Debug|x64
		{F49B4366-198B-4983-BB54-BEDDB4A2B3FD}.Debug|x86.ActiveCfg = Debug|Win32
		{F49B4366-198B-4983-BB54-BEDDB4A2B3FD}.Debug|x86.Build.0 = Debug|Win32
		{F49B4366-198B-4983-BB54-BEDDB4A2B3FD}.Release|x64.ActiveCfg = Release|x64
		{F49B4366-198B-4983-BB54-BEDDB4A2B3FD}.Release|x64.Build.0 = Release|x64
		{F49B4366-198B-4983-BB54-BEDDB4A2B3FD}.Release|x86.ActiveCfg = Release|Win32
		{F49B4366-198B-4983-BB54-BEDDB4A2B3FD}.Release|x86.Build.0 = Release|Win32
	EndGlobalSection
	GlobalSection(SolutionProperties) = preSolution
		HideSolutionNode = FALSE
	EndGlobalSection
	GlobalSection(ExtensibilityGlobals) = postSolution
		SolutionGuid = {12DC71D0-B910-431B-8CDF-9A155BF66584}
	EndGlobalSection
EndGlobal
