
Microsoft Visual Studio Solution File, Format Version 12.00
# Visual Studio Version 16
VisualStudioVersion = 16.0.33927.289
MinimumVisualStudioVersion = 10.0.40219.1
Project("{8BC9CEB8-8B4A-11D0-8D11-00A0C91BC942}") = "week15_1111234004-3", "week15_1111234004-3.vcxproj", "{6E0ADC39-5B16-42F0-B8F7-3A1E2C853DDD}"
EndProject
Global
	GlobalSection(SolutionConfigurationPlatforms) = preSolution
		Debug|x64 = Debug|x64
		Debug|x86 = Debug|x86
		Release|x64 = Release|x64
		Release|x86 = Release|x86
	EndGlobalSection
	GlobalSection(ProjectConfigurationPlatforms) = postSolution
		{6E0ADC39-5B16-42F0-B8F7-3A1E2C853DDD}.Debug|x64.ActiveCfg = Debug|x64
		{6E0ADC39-5B16-42F0-B8F7-3A1E2C853DDD}.Debug|x64.Build.0 = Debug|x64
		{6E0ADC39-5B16-42F0-B8F7-3A1E2C853DDD}.Debug|x86.ActiveCfg = Debug|Win32
		{6E0ADC39-5B16-42F0-B8F7-3A1E2C853DDD}.Debug|x86.Build.0 = Debug|Win32
		{6E0ADC39-5B16-42F0-B8F7-3A1E2C853DDD}.Release|x64.ActiveCfg = Release|x64
		{6E0ADC39-5B16-42F0-B8F7-3A1E2C853DDD}.Release|x64.Build.0 = Release|x64
		{6E0ADC39-5B16-42F0-B8F7-3A1E2C853DDD}.Release|x86.ActiveCfg = Release|Win32
		{6E0ADC39-5B16-42F0-B8F7-3A1E2C853DDD}.Release|x86.Build.0 = Release|Win32
	EndGlobalSection
	GlobalSection(SolutionProperties) = preSolution
		HideSolutionNode = FALSE
	EndGlobalSection
	GlobalSection(ExtensibilityGlobals) = postSolution
		SolutionGuid = {9E07803E-042F-4BEB-B4D9-6146851C4E52}
	EndGlobalSection
EndGlobal
