
Microsoft Visual Studio Solution File, Format Version 12.00
# Visual Studio Version 16
VisualStudioVersion = 16.0.33927.289
MinimumVisualStudioVersion = 10.0.40219.1
Project("{8BC9CEB8-8B4A-11D0-8D11-00A0C91BC942}") = "Project1", "Project1\Project1.vcxproj", "{5ADFA723-D33F-4903-A37E-EFD767FC9DF3}"
EndProject
Global
	GlobalSection(SolutionConfigurationPlatforms) = preSolution
		Debug|x64 = Debug|x64
		Debug|x86 = Debug|x86
		Release|x64 = Release|x64
		Release|x86 = Release|x86
	EndGlobalSection
	GlobalSection(ProjectConfigurationPlatforms) = postSolution
		{5ADFA723-D33F-4903-A37E-EFD767FC9DF3}.Debug|x64.ActiveCfg = Debug|x64
		{5ADFA723-D33F-4903-A37E-EFD767FC9DF3}.Debug|x64.Build.0 = Debug|x64
		{5ADFA723-D33F-4903-A37E-EFD767FC9DF3}.Debug|x86.ActiveCfg = Debug|Win32
		{5ADFA723-D33F-4903-A37E-EFD767FC9DF3}.Debug|x86.Build.0 = Debug|Win32
		{5ADFA723-D33F-4903-A37E-EFD767FC9DF3}.Release|x64.ActiveCfg = Release|x64
		{5ADFA723-D33F-4903-A37E-EFD767FC9DF3}.Release|x64.Build.0 = Release|x64
		{5ADFA723-D33F-4903-A37E-EFD767FC9DF3}.Release|x86.ActiveCfg = Release|Win32
		{5ADFA723-D33F-4903-A37E-EFD767FC9DF3}.Release|x86.Build.0 = Release|Win32
	EndGlobalSection
	GlobalSection(SolutionProperties) = preSolution
		HideSolutionNode = FALSE
	EndGlobalSection
	GlobalSection(ExtensibilityGlobals) = postSolution
		SolutionGuid = {0174F0D2-22BF-4893-9E17-8E31190475AE}
	EndGlobalSection
EndGlobal
