
Microsoft Visual Studio Solution File, Format Version 12.00
# Visual Studio Version 16
VisualStudioVersion = 16.0.33927.289
MinimumVisualStudioVersion = 10.0.40219.1
Project("{8BC9CEB8-8B4A-11D0-8D11-00A0C91BC942}") = "0219_001", "0219_001\0219_001.vcxproj", "{AF38DABA-BF7A-4834-B5B1-D04969D97C00}"
EndProject
Global
	GlobalSection(SolutionConfigurationPlatforms) = preSolution
		Debug|x64 = Debug|x64
		Debug|x86 = Debug|x86
		Release|x64 = Release|x64
		Release|x86 = Release|x86
	EndGlobalSection
	GlobalSection(ProjectConfigurationPlatforms) = postSolution
		{AF38DABA-BF7A-4834-B5B1-D04969D97C00}.Debug|x64.ActiveCfg = Debug|x64
		{AF38DABA-BF7A-4834-B5B1-D04969D97C00}.Debug|x64.Build.0 = Debug|x64
		{AF38DABA-BF7A-4834-B5B1-D04969D97C00}.Debug|x86.ActiveCfg = Debug|Win32
		{AF38DABA-BF7A-4834-B5B1-D04969D97C00}.Debug|x86.Build.0 = Debug|Win32
		{AF38DABA-BF7A-4834-B5B1-D04969D97C00}.Release|x64.ActiveCfg = Release|x64
		{AF38DABA-BF7A-4834-B5B1-D04969D97C00}.Release|x64.Build.0 = Release|x64
		{AF38DABA-BF7A-4834-B5B1-D04969D97C00}.Release|x86.ActiveCfg = Release|Win32
		{AF38DABA-BF7A-4834-B5B1-D04969D97C00}.Release|x86.Build.0 = Release|Win32
	EndGlobalSection
	GlobalSection(SolutionProperties) = preSolution
		HideSolutionNode = FALSE
	EndGlobalSection
	GlobalSection(ExtensibilityGlobals) = postSolution
		SolutionGuid = {1565E14C-A4C2-4178-BB4C-E2764321E33D}
	EndGlobalSection
EndGlobal
