
Microsoft Visual Studio Solution File, Format Version 12.00
# Visual Studio Version 16
VisualStudioVersion = 16.0.34114.132
MinimumVisualStudioVersion = 10.0.40219.1
Project("{8BC9CEB8-8B4A-11D0-8D11-00A0C91BC942}") = "w7_ex2_1023", "w7_ex2_1023.vcxproj", "{D1FACAE3-2F00-4161-AE2F-31AE6D16F196}"
EndProject
Global
	GlobalSection(SolutionConfigurationPlatforms) = preSolution
		Debug|x64 = Debug|x64
		Debug|x86 = Debug|x86
		Release|x64 = Release|x64
		Release|x86 = Release|x86
	EndGlobalSection
	GlobalSection(ProjectConfigurationPlatforms) = postSolution
		{D1FACAE3-2F00-4161-AE2F-31AE6D16F196}.Debug|x64.ActiveCfg = Debug|x64
		{D1FACAE3-2F00-4161-AE2F-31AE6D16F196}.Debug|x64.Build.0 = Debug|x64
		{D1FACAE3-2F00-4161-AE2F-31AE6D16F196}.Debug|x86.ActiveCfg = Debug|Win32
		{D1FACAE3-2F00-4161-AE2F-31AE6D16F196}.Debug|x86.Build.0 = Debug|Win32
		{D1FACAE3-2F00-4161-AE2F-31AE6D16F196}.Release|x64.ActiveCfg = Release|x64
		{D1FACAE3-2F00-4161-AE2F-31AE6D16F196}.Release|x64.Build.0 = Release|x64
		{D1FACAE3-2F00-4161-AE2F-31AE6D16F196}.Release|x86.ActiveCfg = Release|Win32
		{D1FACAE3-2F00-4161-AE2F-31AE6D16F196}.Release|x86.Build.0 = Release|Win32
	EndGlobalSection
	GlobalSection(SolutionProperties) = preSolution
		HideSolutionNode = FALSE
	EndGlobalSection
	GlobalSection(ExtensibilityGlobals) = postSolution
		SolutionGuid = {2E92A22A-08B0-4EA8-8D85-16C30E1E4052}
	EndGlobalSection
EndGlobal
