
Microsoft Visual Studio Solution File, Format Version 12.00
# Visual Studio Version 16
VisualStudioVersion = 16.0.33927.289
MinimumVisualStudioVersion = 10.0.40219.1
Project("{8BC9CEB8-8B4A-11D0-8D11-00A0C91BC942}") = "WEEK13-2", "WEEK13-2\WEEK13-2.vcxproj", "{DD43DF9E-5A9B-4A2D-B260-F0808F33512A}"
EndProject
Global
	GlobalSection(SolutionConfigurationPlatforms) = preSolution
		Debug|x64 = Debug|x64
		Debug|x86 = Debug|x86
		Release|x64 = Release|x64
		Release|x86 = Release|x86
	EndGlobalSection
	GlobalSection(ProjectConfigurationPlatforms) = postSolution
		{DD43DF9E-5A9B-4A2D-B260-F0808F33512A}.Debug|x64.ActiveCfg = Debug|x64
		{DD43DF9E-5A9B-4A2D-B260-F0808F33512A}.Debug|x64.Build.0 = Debug|x64
		{DD43DF9E-5A9B-4A2D-B260-F0808F33512A}.Debug|x86.ActiveCfg = Debug|Win32
		{DD43DF9E-5A9B-4A2D-B260-F0808F33512A}.Debug|x86.Build.0 = Debug|Win32
		{DD43DF9E-5A9B-4A2D-B260-F0808F33512A}.Release|x64.ActiveCfg = Release|x64
		{DD43DF9E-5A9B-4A2D-B260-F0808F33512A}.Release|x64.Build.0 = Release|x64
		{DD43DF9E-5A9B-4A2D-B260-F0808F33512A}.Release|x86.ActiveCfg = Release|Win32
		{DD43DF9E-5A9B-4A2D-B260-F0808F33512A}.Release|x86.Build.0 = Release|Win32
	EndGlobalSection
	GlobalSection(SolutionProperties) = preSolution
		HideSolutionNode = FALSE
	EndGlobalSection
	GlobalSection(ExtensibilityGlobals) = postSolution
		SolutionGuid = {44E7EC2A-5ADB-479A-8DC7-5CF053E3212C}
	EndGlobalSection
EndGlobal
