
Microsoft Visual Studio Solution File, Format Version 12.00
# Visual Studio Version 16
VisualStudioVersion = 16.0.35130.168
MinimumVisualStudioVersion = 10.0.40219.1
Project("{8BC9CEB8-8B4A-11D0-8D11-00A0C91BC942}") = "w3_ex2", "w3_ex2\w3_ex2.vcxproj", "{9C3D57D8-27B7-4204-90B3-398E7A4CAB0C}"
EndProject
Global
	GlobalSection(SolutionConfigurationPlatforms) = preSolution
		Debug|x64 = Debug|x64
		Debug|x86 = Debug|x86
		Release|x64 = Release|x64
		Release|x86 = Release|x86
	EndGlobalSection
	GlobalSection(ProjectConfigurationPlatforms) = postSolution
		{9C3D57D8-27B7-4204-90B3-398E7A4CAB0C}.Debug|x64.ActiveCfg = Debug|x64
		{9C3D57D8-27B7-4204-90B3-398E7A4CAB0C}.Debug|x64.Build.0 = Debug|x64
		{9C3D57D8-27B7-4204-90B3-398E7A4CAB0C}.Debug|x86.ActiveCfg = Debug|Win32
		{9C3D57D8-27B7-4204-90B3-398E7A4CAB0C}.Debug|x86.Build.0 = Debug|Win32
		{9C3D57D8-27B7-4204-90B3-398E7A4CAB0C}.Release|x64.ActiveCfg = Release|x64
		{9C3D57D8-27B7-4204-90B3-398E7A4CAB0C}.Release|x64.Build.0 = Release|x64
		{9C3D57D8-27B7-4204-90B3-398E7A4CAB0C}.Release|x86.ActiveCfg = Release|Win32
		{9C3D57D8-27B7-4204-90B3-398E7A4CAB0C}.Release|x86.Build.0 = Release|Win32
	EndGlobalSection
	GlobalSection(SolutionProperties) = preSolution
		HideSolutionNode = FALSE
	EndGlobalSection
	GlobalSection(ExtensibilityGlobals) = postSolution
		SolutionGuid = {C455A1B9-5BD0-42B5-85D8-21DA800F6851}
	EndGlobalSection
EndGlobal
