
Microsoft Visual Studio Solution File, Format Version 12.00
# Visual Studio Version 16
VisualStudioVersion = 16.0.33927.289
MinimumVisualStudioVersion = 10.0.40219.1
Project("{8BC9CEB8-8B4A-11D0-8D11-00A0C91BC942}") = "1218-第1題", "1218-第1題\1218-第1題.vcxproj", "{9524DC08-C31F-4BB8-9FFB-5A52C2E4C666}"
EndProject
Global
	GlobalSection(SolutionConfigurationPlatforms) = preSolution
		Debug|x64 = Debug|x64
		Debug|x86 = Debug|x86
		Release|x64 = Release|x64
		Release|x86 = Release|x86
	EndGlobalSection
	GlobalSection(ProjectConfigurationPlatforms) = postSolution
		{9524DC08-C31F-4BB8-9FFB-5A52C2E4C666}.Debug|x64.ActiveCfg = Debug|x64
		{9524DC08-C31F-4BB8-9FFB-5A52C2E4C666}.Debug|x64.Build.0 = Debug|x64
		{9524DC08-C31F-4BB8-9FFB-5A52C2E4C666}.Debug|x86.ActiveCfg = Debug|Win32
		{9524DC08-C31F-4BB8-9FFB-5A52C2E4C666}.Debug|x86.Build.0 = Debug|Win32
		{9524DC08-C31F-4BB8-9FFB-5A52C2E4C666}.Release|x64.ActiveCfg = Release|x64
		{9524DC08-C31F-4BB8-9FFB-5A52C2E4C666}.Release|x64.Build.0 = Release|x64
		{9524DC08-C31F-4BB8-9FFB-5A52C2E4C666}.Release|x86.ActiveCfg = Release|Win32
		{9524DC08-C31F-4BB8-9FFB-5A52C2E4C666}.Release|x86.Build.0 = Release|Win32
	EndGlobalSection
	GlobalSection(SolutionProperties) = preSolution
		HideSolutionNode = FALSE
	EndGlobalSection
	GlobalSection(ExtensibilityGlobals) = postSolution
		SolutionGuid = {70C47E09-1089-4584-B7C2-AEB5C826A94E}
	EndGlobalSection
EndGlobal
