
Microsoft Visual Studio Solution File, Format Version 12.00
# Visual Studio Version 16
VisualStudioVersion = 16.0.33927.289
MinimumVisualStudioVersion = 10.0.40219.1
Project("{8BC9CEB8-8B4A-11D0-8D11-00A0C91BC942}") = "Week-11 -07", "Week-11 -07\Week-11 -07.vcxproj", "{51CA0695-A2CF-46C1-AEAA-E0EF4714B8CA}"
EndProject
Global
	GlobalSection(SolutionConfigurationPlatforms) = preSolution
		Debug|x64 = Debug|x64
		Debug|x86 = Debug|x86
		Release|x64 = Release|x64
		Release|x86 = Release|x86
	EndGlobalSection
	GlobalSection(ProjectConfigurationPlatforms) = postSolution
		{51CA0695-A2CF-46C1-AEAA-E0EF4714B8CA}.Debug|x64.ActiveCfg = Debug|x64
		{51CA0695-A2CF-46C1-AEAA-E0EF4714B8CA}.Debug|x64.Build.0 = Debug|x64
		{51CA0695-A2CF-46C1-AEAA-E0EF4714B8CA}.Debug|x86.ActiveCfg = Debug|Win32
		{51CA0695-A2CF-46C1-AEAA-E0EF4714B8CA}.Debug|x86.Build.0 = Debug|Win32
		{51CA0695-A2CF-46C1-AEAA-E0EF4714B8CA}.Release|x64.ActiveCfg = Release|x64
		{51CA0695-A2CF-46C1-AEAA-E0EF4714B8CA}.Release|x64.Build.0 = Release|x64
		{51CA0695-A2CF-46C1-AEAA-E0EF4714B8CA}.Release|x86.ActiveCfg = Release|Win32
		{51CA0695-A2CF-46C1-AEAA-E0EF4714B8CA}.Release|x86.Build.0 = Release|Win32
	EndGlobalSection
	GlobalSection(SolutionProperties) = preSolution
		HideSolutionNode = FALSE
	EndGlobalSection
	GlobalSection(ExtensibilityGlobals) = postSolution
		SolutionGuid = {DD4AFD1D-4B83-49A1-9778-6F9FB3A26F72}
	EndGlobalSection
EndGlobal
