
Microsoft Visual Studio Solution File, Format Version 12.00
# Visual Studio Version 16
VisualStudioVersion = 16.0.33927.289
MinimumVisualStudioVersion = 10.0.40219.1
Project("{8BC9CEB8-8B4A-11D0-8D11-00A0C91BC942}") = "w3_9-25practice", "w3_9-25practice\w3_9-25practice.vcxproj", "{00D90C3F-F440-4813-A554-5573258C1263}"
EndProject
Global
	GlobalSection(SolutionConfigurationPlatforms) = preSolution
		Debug|x64 = Debug|x64
		Debug|x86 = Debug|x86
		Release|x64 = Release|x64
		Release|x86 = Release|x86
	EndGlobalSection
	GlobalSection(ProjectConfigurationPlatforms) = postSolution
		{00D90C3F-F440-4813-A554-5573258C1263}.Debug|x64.ActiveCfg = Debug|x64
		{00D90C3F-F440-4813-A554-5573258C1263}.Debug|x64.Build.0 = Debug|x64
		{00D90C3F-F440-4813-A554-5573258C1263}.Debug|x86.ActiveCfg = Debug|Win32
		{00D90C3F-F440-4813-A554-5573258C1263}.Debug|x86.Build.0 = Debug|Win32
		{00D90C3F-F440-4813-A554-5573258C1263}.Release|x64.ActiveCfg = Release|x64
		{00D90C3F-F440-4813-A554-5573258C1263}.Release|x64.Build.0 = Release|x64
		{00D90C3F-F440-4813-A554-5573258C1263}.Release|x86.ActiveCfg = Release|Win32
		{00D90C3F-F440-4813-A554-5573258C1263}.Release|x86.Build.0 = Release|Win32
	EndGlobalSection
	GlobalSection(SolutionProperties) = preSolution
		HideSolutionNode = FALSE
	EndGlobalSection
	GlobalSection(ExtensibilityGlobals) = postSolution
		SolutionGuid = {7430977D-8F7B-4511-90DB-CBC491F198AC}
	EndGlobalSection
EndGlobal
