
Microsoft Visual Studio Solution File, Format Version 12.00
# Visual Studio Version 16
VisualStudioVersion = 16.0.33927.289
MinimumVisualStudioVersion = 10.0.40219.1
Project("{8BC9CEB8-8B4A-11D0-8D11-00A0C91BC942}") = "20241204_2", "20241204_2.vcxproj", "{F3B86A46-C596-47A4-B776-6FD55B50CB64}"
EndProject
Global
	GlobalSection(SolutionConfigurationPlatforms) = preSolution
		Debug|x64 = Debug|x64
		Debug|x86 = Debug|x86
		Release|x64 = Release|x64
		Release|x86 = Release|x86
	EndGlobalSection
	GlobalSection(ProjectConfigurationPlatforms) = postSolution
		{F3B86A46-C596-47A4-B776-6FD55B50CB64}.Debug|x64.ActiveCfg = Debug|x64
		{F3B86A46-C596-47A4-B776-6FD55B50CB64}.Debug|x64.Build.0 = Debug|x64
		{F3B86A46-C596-47A4-B776-6FD55B50CB64}.Debug|x86.ActiveCfg = Debug|Win32
		{F3B86A46-C596-47A4-B776-6FD55B50CB64}.Debug|x86.Build.0 = Debug|Win32
		{F3B86A46-C596-47A4-B776-6FD55B50CB64}.Release|x64.ActiveCfg = Release|x64
		{F3B86A46-C596-47A4-B776-6FD55B50CB64}.Release|x64.Build.0 = Release|x64
		{F3B86A46-C596-47A4-B776-6FD55B50CB64}.Release|x86.ActiveCfg = Release|Win32
		{F3B86A46-C596-47A4-B776-6FD55B50CB64}.Release|x86.Build.0 = Release|Win32
	EndGlobalSection
	GlobalSection(SolutionProperties) = preSolution
		HideSolutionNode = FALSE
	EndGlobalSection
	GlobalSection(ExtensibilityGlobals) = postSolution
		SolutionGuid = {0DF1C12D-2AA5-4814-BF58-D7B2E0226355}
	EndGlobalSection
EndGlobal
