
Microsoft Visual Studio Solution File, Format Version 12.00
# Visual Studio Version 16
VisualStudioVersion = 16.0.33927.289
MinimumVisualStudioVersion = 10.0.40219.1
Project("{8BC9CEB8-8B4A-11D0-8D11-00A0C91BC942}") = "20241023_1", "20241023_1.vcxproj", "{732EC170-65D2-4232-B296-15DAC6E0E1FB}"
EndProject
Global
	GlobalSection(SolutionConfigurationPlatforms) = preSolution
		Debug|x64 = Debug|x64
		Debug|x86 = Debug|x86
		Release|x64 = Release|x64
		Release|x86 = Release|x86
	EndGlobalSection
	GlobalSection(ProjectConfigurationPlatforms) = postSolution
		{732EC170-65D2-4232-B296-15DAC6E0E1FB}.Debug|x64.ActiveCfg = Debug|x64
		{732EC170-65D2-4232-B296-15DAC6E0E1FB}.Debug|x64.Build.0 = Debug|x64
		{732EC170-65D2-4232-B296-15DAC6E0E1FB}.Debug|x86.ActiveCfg = Debug|Win32
		{732EC170-65D2-4232-B296-15DAC6E0E1FB}.Debug|x86.Build.0 = Debug|Win32
		{732EC170-65D2-4232-B296-15DAC6E0E1FB}.Release|x64.ActiveCfg = Release|x64
		{732EC170-65D2-4232-B296-15DAC6E0E1FB}.Release|x64.Build.0 = Release|x64
		{732EC170-65D2-4232-B296-15DAC6E0E1FB}.Release|x86.ActiveCfg = Release|Win32
		{732EC170-65D2-4232-B296-15DAC6E0E1FB}.Release|x86.Build.0 = Release|Win32
	EndGlobalSection
	GlobalSection(SolutionProperties) = preSolution
		HideSolutionNode = FALSE
	EndGlobalSection
	GlobalSection(ExtensibilityGlobals) = postSolution
		SolutionGuid = {9E997AAF-A61A-4446-8228-388103D18618}
	EndGlobalSection
EndGlobal
