
Microsoft Visual Studio Solution File, Format Version 12.00
# Visual Studio Version 16
VisualStudioVersion = 16.0.33927.289
MinimumVisualStudioVersion = 10.0.40219.1
Project("{8BC9CEB8-8B4A-11D0-8D11-00A0C91BC942}") = "w6-1+2", "w6-1+2\w6-1+2.vcxproj", "{87B14EC2-F0DF-4C1C-8CDF-B63442447B65}"
EndProject
Global
	GlobalSection(SolutionConfigurationPlatforms) = preSolution
		Debug|x64 = Debug|x64
		Debug|x86 = Debug|x86
		Release|x64 = Release|x64
		Release|x86 = Release|x86
	EndGlobalSection
	GlobalSection(ProjectConfigurationPlatforms) = postSolution
		{87B14EC2-F0DF-4C1C-8CDF-B63442447B65}.Debug|x64.ActiveCfg = Debug|x64
		{87B14EC2-F0DF-4C1C-8CDF-B63442447B65}.Debug|x64.Build.0 = Debug|x64
		{87B14EC2-F0DF-4C1C-8CDF-B63442447B65}.Debug|x86.ActiveCfg = Debug|Win32
		{87B14EC2-F0DF-4C1C-8CDF-B63442447B65}.Debug|x86.Build.0 = Debug|Win32
		{87B14EC2-F0DF-4C1C-8CDF-B63442447B65}.Release|x64.ActiveCfg = Release|x64
		{87B14EC2-F0DF-4C1C-8CDF-B63442447B65}.Release|x64.Build.0 = Release|x64
		{87B14EC2-F0DF-4C1C-8CDF-B63442447B65}.Release|x86.ActiveCfg = Release|Win32
		{87B14EC2-F0DF-4C1C-8CDF-B63442447B65}.Release|x86.Build.0 = Release|Win32
	EndGlobalSection
	GlobalSection(SolutionProperties) = preSolution
		HideSolutionNode = FALSE
	EndGlobalSection
	GlobalSection(ExtensibilityGlobals) = postSolution
		SolutionGuid = {BCF74D73-4EB7-4800-90DD-25FA72B70134}
	EndGlobalSection
EndGlobal
