
Microsoft Visual Studio Solution File, Format Version 12.00
# Visual Studio Version 16
VisualStudioVersion = 16.0.33927.289
MinimumVisualStudioVersion = 10.0.40219.1
Project("{8BC9CEB8-8B4A-11D0-8D11-00A0C91BC942}") = "week7_1111234004-3", "week7_1111234004-3\week7_1111234004-3.vcxproj", "{8A720A5F-2C2C-474E-AA28-125FEE556290}"
EndProject
Global
	GlobalSection(SolutionConfigurationPlatforms) = preSolution
		Debug|x64 = Debug|x64
		Debug|x86 = Debug|x86
		Release|x64 = Release|x64
		Release|x86 = Release|x86
	EndGlobalSection
	GlobalSection(ProjectConfigurationPlatforms) = postSolution
		{8A720A5F-2C2C-474E-AA28-125FEE556290}.Debug|x64.ActiveCfg = Debug|x64
		{8A720A5F-2C2C-474E-AA28-125FEE556290}.Debug|x64.Build.0 = Debug|x64
		{8A720A5F-2C2C-474E-AA28-125FEE556290}.Debug|x86.ActiveCfg = Debug|Win32
		{8A720A5F-2C2C-474E-AA28-125FEE556290}.Debug|x86.Build.0 = Debug|Win32
		{8A720A5F-2C2C-474E-AA28-125FEE556290}.Release|x64.ActiveCfg = Release|x64
		{8A720A5F-2C2C-474E-AA28-125FEE556290}.Release|x64.Build.0 = Release|x64
		{8A720A5F-2C2C-474E-AA28-125FEE556290}.Release|x86.ActiveCfg = Release|Win32
		{8A720A5F-2C2C-474E-AA28-125FEE556290}.Release|x86.Build.0 = Release|Win32
	EndGlobalSection
	GlobalSection(SolutionProperties) = preSolution
		HideSolutionNode = FALSE
	EndGlobalSection
	GlobalSection(ExtensibilityGlobals) = postSolution
		SolutionGuid = {F16F4C22-F30C-42ED-A1CC-D800C2FC3094}
	EndGlobalSection
EndGlobal
