
Microsoft Visual Studio Solution File, Format Version 12.00
# Visual Studio Version 16
VisualStudioVersion = 16.0.33927.289
MinimumVisualStudioVersion = 10.0.40219.1
Project("{8BC9CEB8-8B4A-11D0-8D11-00A0C91BC942}") = "w10 1111234028", "w10 1111234028.vcxproj", "{6A69227B-BB8A-4DF2-88B2-E85797B174CF}"
EndProject
Global
	GlobalSection(SolutionConfigurationPlatforms) = preSolution
		Debug|x64 = Debug|x64
		Debug|x86 = Debug|x86
		Release|x64 = Release|x64
		Release|x86 = Release|x86
	EndGlobalSection
	GlobalSection(ProjectConfigurationPlatforms) = postSolution
		{6A69227B-BB8A-4DF2-88B2-E85797B174CF}.Debug|x64.ActiveCfg = Debug|x64
		{6A69227B-BB8A-4DF2-88B2-E85797B174CF}.Debug|x64.Build.0 = Debug|x64
		{6A69227B-BB8A-4DF2-88B2-E85797B174CF}.Debug|x86.ActiveCfg = Debug|Win32
		{6A69227B-BB8A-4DF2-88B2-E85797B174CF}.Debug|x86.Build.0 = Debug|Win32
		{6A69227B-BB8A-4DF2-88B2-E85797B174CF}.Release|x64.ActiveCfg = Release|x64
		{6A69227B-BB8A-4DF2-88B2-E85797B174CF}.Release|x64.Build.0 = Release|x64
		{6A69227B-BB8A-4DF2-88B2-E85797B174CF}.Release|x86.ActiveCfg = Release|Win32
		{6A69227B-BB8A-4DF2-88B2-E85797B174CF}.Release|x86.Build.0 = Release|Win32
	EndGlobalSection
	GlobalSection(SolutionProperties) = preSolution
		HideSolutionNode = FALSE
	EndGlobalSection
	GlobalSection(ExtensibilityGlobals) = postSolution
		SolutionGuid = {4EA0DCFC-8F19-49F1-BAE3-B9B11372C7A1}
	EndGlobalSection
EndGlobal
