
Microsoft Visual Studio Solution File, Format Version 12.00
# Visual Studio Version 16
VisualStudioVersion = 16.0.33927.289
MinimumVisualStudioVersion = 10.0.40219.1
Project("{8BC9CEB8-8B4A-11D0-8D11-00A0C91BC942}") = "w8 1111234028 hw2", "w8 1111234028 hw2.vcxproj", "{3D7C9DE3-E80D-4D7E-B570-88267B14365A}"
EndProject
Global
	GlobalSection(SolutionConfigurationPlatforms) = preSolution
		Debug|x64 = Debug|x64
		Debug|x86 = Debug|x86
		Release|x64 = Release|x64
		Release|x86 = Release|x86
	EndGlobalSection
	GlobalSection(ProjectConfigurationPlatforms) = postSolution
		{3D7C9DE3-E80D-4D7E-B570-88267B14365A}.Debug|x64.ActiveCfg = Debug|x64
		{3D7C9DE3-E80D-4D7E-B570-88267B14365A}.Debug|x64.Build.0 = Debug|x64
		{3D7C9DE3-E80D-4D7E-B570-88267B14365A}.Debug|x86.ActiveCfg = Debug|Win32
		{3D7C9DE3-E80D-4D7E-B570-88267B14365A}.Debug|x86.Build.0 = Debug|Win32
		{3D7C9DE3-E80D-4D7E-B570-88267B14365A}.Release|x64.ActiveCfg = Release|x64
		{3D7C9DE3-E80D-4D7E-B570-88267B14365A}.Release|x64.Build.0 = Release|x64
		{3D7C9DE3-E80D-4D7E-B570-88267B14365A}.Release|x86.ActiveCfg = Release|Win32
		{3D7C9DE3-E80D-4D7E-B570-88267B14365A}.Release|x86.Build.0 = Release|Win32
	EndGlobalSection
	GlobalSection(SolutionProperties) = preSolution
		HideSolutionNode = FALSE
	EndGlobalSection
	GlobalSection(ExtensibilityGlobals) = postSolution
		SolutionGuid = {7EF1BAB2-D81F-4E4E-AAF9-A4BFD8F8BE40}
	EndGlobalSection
EndGlobal
