
Microsoft Visual Studio Solution File, Format Version 12.00
# Visual Studio Version 16
VisualStudioVersion = 16.0.33927.289
MinimumVisualStudioVersion = 10.0.40219.1
Project("{8BC9CEB8-8B4A-11D0-8D11-00A0C91BC942}") = "WEEK10-2", "WEEK10-2\WEEK10-2.vcxproj", "{9EF7D135-18D6-4FA0-88B2-0ACDBFAA9569}"
EndProject
Global
	GlobalSection(SolutionConfigurationPlatforms) = preSolution
		Debug|x64 = Debug|x64
		Debug|x86 = Debug|x86
		Release|x64 = Release|x64
		Release|x86 = Release|x86
	EndGlobalSection
	GlobalSection(ProjectConfigurationPlatforms) = postSolution
		{9EF7D135-18D6-4FA0-88B2-0ACDBFAA9569}.Debug|x64.ActiveCfg = Debug|x64
		{9EF7D135-18D6-4FA0-88B2-0ACDBFAA9569}.Debug|x64.Build.0 = Debug|x64
		{9EF7D135-18D6-4FA0-88B2-0ACDBFAA9569}.Debug|x86.ActiveCfg = Debug|Win32
		{9EF7D135-18D6-4FA0-88B2-0ACDBFAA9569}.Debug|x86.Build.0 = Debug|Win32
		{9EF7D135-18D6-4FA0-88B2-0ACDBFAA9569}.Release|x64.ActiveCfg = Release|x64
		{9EF7D135-18D6-4FA0-88B2-0ACDBFAA9569}.Release|x64.Build.0 = Release|x64
		{9EF7D135-18D6-4FA0-88B2-0ACDBFAA9569}.Release|x86.ActiveCfg = Release|Win32
		{9EF7D135-18D6-4FA0-88B2-0ACDBFAA9569}.Release|x86.Build.0 = Release|Win32
	EndGlobalSection
	GlobalSection(SolutionProperties) = preSolution
		HideSolutionNode = FALSE
	EndGlobalSection
	GlobalSection(ExtensibilityGlobals) = postSolution
		SolutionGuid = {C9307BAF-8A55-4050-A194-8B86E87586BF}
	EndGlobalSection
EndGlobal
