
Microsoft Visual Studio Solution File, Format Version 12.00
# Visual Studio Version 16
VisualStudioVersion = 16.0.33927.289
MinimumVisualStudioVersion = 10.0.40219.1
Project("{8BC9CEB8-8B4A-11D0-8D11-00A0C91BC942}") = "1204-2", "1204-2\1204-2.vcxproj", "{EEE874AF-C70A-4523-9444-A1F155A74661}"
EndProject
Global
	GlobalSection(SolutionConfigurationPlatforms) = preSolution
		Debug|x64 = Debug|x64
		Debug|x86 = Debug|x86
		Release|x64 = Release|x64
		Release|x86 = Release|x86
	EndGlobalSection
	GlobalSection(ProjectConfigurationPlatforms) = postSolution
		{EEE874AF-C70A-4523-9444-A1F155A74661}.Debug|x64.ActiveCfg = Debug|x64
		{EEE874AF-C70A-4523-9444-A1F155A74661}.Debug|x64.Build.0 = Debug|x64
		{EEE874AF-C70A-4523-9444-A1F155A74661}.Debug|x86.ActiveCfg = Debug|Win32
		{EEE874AF-C70A-4523-9444-A1F155A74661}.Debug|x86.Build.0 = Debug|Win32
		{EEE874AF-C70A-4523-9444-A1F155A74661}.Release|x64.ActiveCfg = Release|x64
		{EEE874AF-C70A-4523-9444-A1F155A74661}.Release|x64.Build.0 = Release|x64
		{EEE874AF-C70A-4523-9444-A1F155A74661}.Release|x86.ActiveCfg = Release|Win32
		{EEE874AF-C70A-4523-9444-A1F155A74661}.Release|x86.Build.0 = Release|Win32
	EndGlobalSection
	GlobalSection(SolutionProperties) = preSolution
		HideSolutionNode = FALSE
	EndGlobalSection
	GlobalSection(ExtensibilityGlobals) = postSolution
		SolutionGuid = {AFB922AB-7510-465A-9C27-0D2C641767A5}
	EndGlobalSection
EndGlobal
