
Microsoft Visual Studio Solution File, Format Version 12.00
# Visual Studio Version 16
VisualStudioVersion = 16.0.34114.132
MinimumVisualStudioVersion = 10.0.40219.1
Project("{8BC9CEB8-8B4A-11D0-8D11-00A0C91BC942}") = "w7_ex3_1023", "w7_ex3_1023.vcxproj", "{D4A7E8AB-40F3-43CF-A893-70B61B91507F}"
EndProject
Global
	GlobalSection(SolutionConfigurationPlatforms) = preSolution
		Debug|x64 = Debug|x64
		Debug|x86 = Debug|x86
		Release|x64 = Release|x64
		Release|x86 = Release|x86
	EndGlobalSection
	GlobalSection(ProjectConfigurationPlatforms) = postSolution
		{D4A7E8AB-40F3-43CF-A893-70B61B91507F}.Debug|x64.ActiveCfg = Debug|x64
		{D4A7E8AB-40F3-43CF-A893-70B61B91507F}.Debug|x64.Build.0 = Debug|x64
		{D4A7E8AB-40F3-43CF-A893-70B61B91507F}.Debug|x86.ActiveCfg = Debug|Win32
		{D4A7E8AB-40F3-43CF-A893-70B61B91507F}.Debug|x86.Build.0 = Debug|Win32
		{D4A7E8AB-40F3-43CF-A893-70B61B91507F}.Release|x64.ActiveCfg = Release|x64
		{D4A7E8AB-40F3-43CF-A893-70B61B91507F}.Release|x64.Build.0 = Release|x64
		{D4A7E8AB-40F3-43CF-A893-70B61B91507F}.Release|x86.ActiveCfg = Release|Win32
		{D4A7E8AB-40F3-43CF-A893-70B61B91507F}.Release|x86.Build.0 = Release|Win32
	EndGlobalSection
	GlobalSection(SolutionProperties) = preSolution
		HideSolutionNode = FALSE
	EndGlobalSection
	GlobalSection(ExtensibilityGlobals) = postSolution
		SolutionGuid = {4EF8EF5F-1F7A-4299-9F3C-BC083A972A8F}
	EndGlobalSection
EndGlobal
