
Microsoft Visual Studio Solution File, Format Version 12.00
# Visual Studio Version 16
VisualStudioVersion = 16.0.33927.289
MinimumVisualStudioVersion = 10.0.40219.1
Project("{8BC9CEB8-8B4A-11D0-8D11-00A0C91BC942}") = "10-2", "10-2.vcxproj", "{AD28DAA0-A56F-41E6-87BD-80EAF53C7C03}"
EndProject
Global
	GlobalSection(SolutionConfigurationPlatforms) = preSolution
		Debug|x64 = Debug|x64
		Debug|x86 = Debug|x86
		Release|x64 = Release|x64
		Release|x86 = Release|x86
	EndGlobalSection
	GlobalSection(ProjectConfigurationPlatforms) = postSolution
		{AD28DAA0-A56F-41E6-87BD-80EAF53C7C03}.Debug|x64.ActiveCfg = Debug|x64
		{AD28DAA0-A56F-41E6-87BD-80EAF53C7C03}.Debug|x64.Build.0 = Debug|x64
		{AD28DAA0-A56F-41E6-87BD-80EAF53C7C03}.Debug|x86.ActiveCfg = Debug|Win32
		{AD28DAA0-A56F-41E6-87BD-80EAF53C7C03}.Debug|x86.Build.0 = Debug|Win32
		{AD28DAA0-A56F-41E6-87BD-80EAF53C7C03}.Release|x64.ActiveCfg = Release|x64
		{AD28DAA0-A56F-41E6-87BD-80EAF53C7C03}.Release|x64.Build.0 = Release|x64
		{AD28DAA0-A56F-41E6-87BD-80EAF53C7C03}.Release|x86.ActiveCfg = Release|Win32
		{AD28DAA0-A56F-41E6-87BD-80EAF53C7C03}.Release|x86.Build.0 = Release|Win32
	EndGlobalSection
	GlobalSection(SolutionProperties) = preSolution
		HideSolutionNode = FALSE
	EndGlobalSection
	GlobalSection(ExtensibilityGlobals) = postSolution
		SolutionGuid = {4C9F8D94-2C90-4F60-ACE1-AE3CFA7BD799}
	EndGlobalSection
EndGlobal
