
Microsoft Visual Studio Solution File, Format Version 12.00
# Visual Studio Version 16
VisualStudioVersion = 16.0.33927.289
MinimumVisualStudioVersion = 10.0.40219.1
Project("{8BC9CEB8-8B4A-11D0-8D11-00A0C91BC942}") = "1111234043_week17", "1111234043_week17\1111234043_week17.vcxproj", "{138B155A-DD88-4621-A85B-B006CF826758}"
EndProject
Global
	GlobalSection(SolutionConfigurationPlatforms) = preSolution
		Debug|x64 = Debug|x64
		Debug|x86 = Debug|x86
		Release|x64 = Release|x64
		Release|x86 = Release|x86
	EndGlobalSection
	GlobalSection(ProjectConfigurationPlatforms) = postSolution
		{138B155A-DD88-4621-A85B-B006CF826758}.Debug|x64.ActiveCfg = Debug|x64
		{138B155A-DD88-4621-A85B-B006CF826758}.Debug|x64.Build.0 = Debug|x64
		{138B155A-DD88-4621-A85B-B006CF826758}.Debug|x86.ActiveCfg = Debug|Win32
		{138B155A-DD88-4621-A85B-B006CF826758}.Debug|x86.Build.0 = Debug|Win32
		{138B155A-DD88-4621-A85B-B006CF826758}.Release|x64.ActiveCfg = Release|x64
		{138B155A-DD88-4621-A85B-B006CF826758}.Release|x64.Build.0 = Release|x64
		{138B155A-DD88-4621-A85B-B006CF826758}.Release|x86.ActiveCfg = Release|Win32
		{138B155A-DD88-4621-A85B-B006CF826758}.Release|x86.Build.0 = Release|Win32
	EndGlobalSection
	GlobalSection(SolutionProperties) = preSolution
		HideSolutionNode = FALSE
	EndGlobalSection
	GlobalSection(ExtensibilityGlobals) = postSolution
		SolutionGuid = {30BD75F2-D680-445D-A25B-C52F8C4DA87D}
	EndGlobalSection
EndGlobal
