
Microsoft Visual Studio Solution File, Format Version 12.00
# Visual Studio Version 16
VisualStudioVersion = 16.0.33927.289
MinimumVisualStudioVersion = 10.0.40219.1
Project("{8BC9CEB8-8B4A-11D0-8D11-00A0C91BC942}") = "1131127", "1131127.vcxproj", "{2B08CA76-A8BE-4678-84FE-C11E63D2A69A}"
EndProject
Global
	GlobalSection(SolutionConfigurationPlatforms) = preSolution
		Debug|x64 = Debug|x64
		Debug|x86 = Debug|x86
		Release|x64 = Release|x64
		Release|x86 = Release|x86
	EndGlobalSection
	GlobalSection(ProjectConfigurationPlatforms) = postSolution
		{2B08CA76-A8BE-4678-84FE-C11E63D2A69A}.Debug|x64.ActiveCfg = Debug|x64
		{2B08CA76-A8BE-4678-84FE-C11E63D2A69A}.Debug|x64.Build.0 = Debug|x64
		{2B08CA76-A8BE-4678-84FE-C11E63D2A69A}.Debug|x86.ActiveCfg = Debug|Win32
		{2B08CA76-A8BE-4678-84FE-C11E63D2A69A}.Debug|x86.Build.0 = Debug|Win32
		{2B08CA76-A8BE-4678-84FE-C11E63D2A69A}.Release|x64.ActiveCfg = Release|x64
		{2B08CA76-A8BE-4678-84FE-C11E63D2A69A}.Release|x64.Build.0 = Release|x64
		{2B08CA76-A8BE-4678-84FE-C11E63D2A69A}.Release|x86.ActiveCfg = Release|Win32
		{2B08CA76-A8BE-4678-84FE-C11E63D2A69A}.Release|x86.Build.0 = Release|Win32
	EndGlobalSection
	GlobalSection(SolutionProperties) = preSolution
		HideSolutionNode = FALSE
	EndGlobalSection
	GlobalSection(ExtensibilityGlobals) = postSolution
		SolutionGuid = {18C7FEAA-C36D-4EAB-A1E7-AA3DAB01CC9F}
	EndGlobalSection
EndGlobal
