
Microsoft Visual Studio Solution File, Format Version 12.00
# Visual Studio Version 16
VisualStudioVersion = 16.0.33927.289
MinimumVisualStudioVersion = 10.0.40219.1
Project("{8BC9CEB8-8B4A-11D0-8D11-00A0C91BC942}") = "week12_002", "week12_002.vcxproj", "{1E206A7A-54D8-4AF7-AB23-86B2E1B98B83}"
EndProject
Global
	GlobalSection(SolutionConfigurationPlatforms) = preSolution
		Debug|x64 = Debug|x64
		Debug|x86 = Debug|x86
		Release|x64 = Release|x64
		Release|x86 = Release|x86
	EndGlobalSection
	GlobalSection(ProjectConfigurationPlatforms) = postSolution
		{1E206A7A-54D8-4AF7-AB23-86B2E1B98B83}.Debug|x64.ActiveCfg = Debug|x64
		{1E206A7A-54D8-4AF7-AB23-86B2E1B98B83}.Debug|x64.Build.0 = Debug|x64
		{1E206A7A-54D8-4AF7-AB23-86B2E1B98B83}.Debug|x86.ActiveCfg = Debug|Win32
		{1E206A7A-54D8-4AF7-AB23-86B2E1B98B83}.Debug|x86.Build.0 = Debug|Win32
		{1E206A7A-54D8-4AF7-AB23-86B2E1B98B83}.Release|x64.ActiveCfg = Release|x64
		{1E206A7A-54D8-4AF7-AB23-86B2E1B98B83}.Release|x64.Build.0 = Release|x64
		{1E206A7A-54D8-4AF7-AB23-86B2E1B98B83}.Release|x86.ActiveCfg = Release|Win32
		{1E206A7A-54D8-4AF7-AB23-86B2E1B98B83}.Release|x86.Build.0 = Release|Win32
	EndGlobalSection
	GlobalSection(SolutionProperties) = preSolution
		HideSolutionNode = FALSE
	EndGlobalSection
	GlobalSection(ExtensibilityGlobals) = postSolution
		SolutionGuid = {A61D7382-6D01-457C-AB12-66A9BA733DD9}
	EndGlobalSection
EndGlobal
