
Microsoft Visual Studio Solution File, Format Version 12.00
# Visual Studio Version 16
VisualStudioVersion = 16.0.33927.289
MinimumVisualStudioVersion = 10.0.40219.1
Project("{8BC9CEB8-8B4A-11D0-8D11-00A0C91BC942}") = "1023_3", "1023_3\1023_3.vcxproj", "{FC62A547-F405-4815-BF63-DCA1AEE938BF}"
EndProject
Global
	GlobalSection(SolutionConfigurationPlatforms) = preSolution
		Debug|x64 = Debug|x64
		Debug|x86 = Debug|x86
		Release|x64 = Release|x64
		Release|x86 = Release|x86
	EndGlobalSection
	GlobalSection(ProjectConfigurationPlatforms) = postSolution
		{FC62A547-F405-4815-BF63-DCA1AEE938BF}.Debug|x64.ActiveCfg = Debug|x64
		{FC62A547-F405-4815-BF63-DCA1AEE938BF}.Debug|x64.Build.0 = Debug|x64
		{FC62A547-F405-4815-BF63-DCA1AEE938BF}.Debug|x86.ActiveCfg = Debug|Win32
		{FC62A547-F405-4815-BF63-DCA1AEE938BF}.Debug|x86.Build.0 = Debug|Win32
		{FC62A547-F405-4815-BF63-DCA1AEE938BF}.Release|x64.ActiveCfg = Release|x64
		{FC62A547-F405-4815-BF63-DCA1AEE938BF}.Release|x64.Build.0 = Release|x64
		{FC62A547-F405-4815-BF63-DCA1AEE938BF}.Release|x86.ActiveCfg = Release|Win32
		{FC62A547-F405-4815-BF63-DCA1AEE938BF}.Release|x86.Build.0 = Release|Win32
	EndGlobalSection
	GlobalSection(SolutionProperties) = preSolution
		HideSolutionNode = FALSE
	EndGlobalSection
	GlobalSection(ExtensibilityGlobals) = postSolution
		SolutionGuid = {DB5DB1D5-6E6A-4498-BF6D-BD310E677EFC}
	EndGlobalSection
EndGlobal
