
Microsoft Visual Studio Solution File, Format Version 12.00
# Visual Studio Version 16
VisualStudioVersion = 16.0.33927.289
MinimumVisualStudioVersion = 10.0.40219.1
Project("{8BC9CEB8-8B4A-11D0-8D11-00A0C91BC942}") = "w16", "w16\w16.vcxproj", "{F2845B0A-F423-4113-96EA-350CC3B01816}"
EndProject
Global
	GlobalSection(SolutionConfigurationPlatforms) = preSolution
		Debug|x64 = Debug|x64
		Debug|x86 = Debug|x86
		Release|x64 = Release|x64
		Release|x86 = Release|x86
	EndGlobalSection
	GlobalSection(ProjectConfigurationPlatforms) = postSolution
		{F2845B0A-F423-4113-96EA-350CC3B01816}.Debug|x64.ActiveCfg = Debug|x64
		{F2845B0A-F423-4113-96EA-350CC3B01816}.Debug|x64.Build.0 = Debug|x64
		{F2845B0A-F423-4113-96EA-350CC3B01816}.Debug|x86.ActiveCfg = Debug|Win32
		{F2845B0A-F423-4113-96EA-350CC3B01816}.Debug|x86.Build.0 = Debug|Win32
		{F2845B0A-F423-4113-96EA-350CC3B01816}.Release|x64.ActiveCfg = Release|x64
		{F2845B0A-F423-4113-96EA-350CC3B01816}.Release|x64.Build.0 = Release|x64
		{F2845B0A-F423-4113-96EA-350CC3B01816}.Release|x86.ActiveCfg = Release|Win32
		{F2845B0A-F423-4113-96EA-350CC3B01816}.Release|x86.Build.0 = Release|Win32
	EndGlobalSection
	GlobalSection(SolutionProperties) = preSolution
		HideSolutionNode = FALSE
	EndGlobalSection
	GlobalSection(ExtensibilityGlobals) = postSolution
		SolutionGuid = {F8BF7B9D-C8CF-42BF-855C-B911BADFFF09}
	EndGlobalSection
EndGlobal
