
Microsoft Visual Studio Solution File, Format Version 12.00
# Visual Studio Version 16
VisualStudioVersion = 16.0.33927.289
MinimumVisualStudioVersion = 10.0.40219.1
Project("{8BC9CEB8-8B4A-11D0-8D11-00A0C91BC942}") = "Project1", "Project1\Project1.vcxproj", "{2B47F508-87F9-4996-BDC9-A0D7F781BA6C}"
EndProject
Global
	GlobalSection(SolutionConfigurationPlatforms) = preSolution
		Debug|x64 = Debug|x64
		Debug|x86 = Debug|x86
		Release|x64 = Release|x64
		Release|x86 = Release|x86
	EndGlobalSection
	GlobalSection(ProjectConfigurationPlatforms) = postSolution
		{2B47F508-87F9-4996-BDC9-A0D7F781BA6C}.Debug|x64.ActiveCfg = Debug|x64
		{2B47F508-87F9-4996-BDC9-A0D7F781BA6C}.Debug|x64.Build.0 = Debug|x64
		{2B47F508-87F9-4996-BDC9-A0D7F781BA6C}.Debug|x86.ActiveCfg = Debug|Win32
		{2B47F508-87F9-4996-BDC9-A0D7F781BA6C}.Debug|x86.Build.0 = Debug|Win32
		{2B47F508-87F9-4996-BDC9-A0D7F781BA6C}.Release|x64.ActiveCfg = Release|x64
		{2B47F508-87F9-4996-BDC9-A0D7F781BA6C}.Release|x64.Build.0 = Release|x64
		{2B47F508-87F9-4996-BDC9-A0D7F781BA6C}.Release|x86.ActiveCfg = Release|Win32
		{2B47F508-87F9-4996-BDC9-A0D7F781BA6C}.Release|x86.Build.0 = Release|Win32
	EndGlobalSection
	GlobalSection(SolutionProperties) = preSolution
		HideSolutionNode = FALSE
	EndGlobalSection
	GlobalSection(ExtensibilityGlobals) = postSolution
		SolutionGuid = {831F01D1-35C5-4DF9-A397-1E7948457C4B}
	EndGlobalSection
EndGlobal
