
Microsoft Visual Studio Solution File, Format Version 12.00
# Visual Studio Version 16
VisualStudioVersion = 16.0.33927.289
MinimumVisualStudioVersion = 10.0.40219.1
Project("{8BC9CEB8-8B4A-11D0-8D11-00A0C91BC942}") = "week3_ex002", "week3_ex002.vcxproj", "{AE10C3E8-ABE2-475D-A77F-DD434BC2A550}"
EndProject
Global
	GlobalSection(SolutionConfigurationPlatforms) = preSolution
		Debug|x64 = Debug|x64
		Debug|x86 = Debug|x86
		Release|x64 = Release|x64
		Release|x86 = Release|x86
	EndGlobalSection
	GlobalSection(ProjectConfigurationPlatforms) = postSolution
		{AE10C3E8-ABE2-475D-A77F-DD434BC2A550}.Debug|x64.ActiveCfg = Debug|x64
		{AE10C3E8-ABE2-475D-A77F-DD434BC2A550}.Debug|x64.Build.0 = Debug|x64
		{AE10C3E8-ABE2-475D-A77F-DD434BC2A550}.Debug|x86.ActiveCfg = Debug|Win32
		{AE10C3E8-ABE2-475D-A77F-DD434BC2A550}.Debug|x86.Build.0 = Debug|Win32
		{AE10C3E8-ABE2-475D-A77F-DD434BC2A550}.Release|x64.ActiveCfg = Release|x64
		{AE10C3E8-ABE2-475D-A77F-DD434BC2A550}.Release|x64.Build.0 = Release|x64
		{AE10C3E8-ABE2-475D-A77F-DD434BC2A550}.Release|x86.ActiveCfg = Release|Win32
		{AE10C3E8-ABE2-475D-A77F-DD434BC2A550}.Release|x86.Build.0 = Release|Win32
	EndGlobalSection
	GlobalSection(SolutionProperties) = preSolution
		HideSolutionNode = FALSE
	EndGlobalSection
	GlobalSection(ExtensibilityGlobals) = postSolution
		SolutionGuid = {117A0584-0525-47CC-BC6B-F60E1C69B759}
	EndGlobalSection
EndGlobal
