
Microsoft Visual Studio Solution File, Format Version 12.00
# Visual Studio Version 16
VisualStudioVersion = 16.0.33927.289
MinimumVisualStudioVersion = 10.0.40219.1
Project("{8BC9CEB8-8B4A-11D0-8D11-00A0C91BC942}") = "w10_2", "w10_2.vcxproj", "{3A67D472-6D23-41E7-995D-896FB7ACB8CF}"
EndProject
Global
	GlobalSection(SolutionConfigurationPlatforms) = preSolution
		Debug|x64 = Debug|x64
		Debug|x86 = Debug|x86
		Release|x64 = Release|x64
		Release|x86 = Release|x86
	EndGlobalSection
	GlobalSection(ProjectConfigurationPlatforms) = postSolution
		{3A67D472-6D23-41E7-995D-896FB7ACB8CF}.Debug|x64.ActiveCfg = Debug|x64
		{3A67D472-6D23-41E7-995D-896FB7ACB8CF}.Debug|x64.Build.0 = Debug|x64
		{3A67D472-6D23-41E7-995D-896FB7ACB8CF}.Debug|x86.ActiveCfg = Debug|Win32
		{3A67D472-6D23-41E7-995D-896FB7ACB8CF}.Debug|x86.Build.0 = Debug|Win32
		{3A67D472-6D23-41E7-995D-896FB7ACB8CF}.Release|x64.ActiveCfg = Release|x64
		{3A67D472-6D23-41E7-995D-896FB7ACB8CF}.Release|x64.Build.0 = Release|x64
		{3A67D472-6D23-41E7-995D-896FB7ACB8CF}.Release|x86.ActiveCfg = Release|Win32
		{3A67D472-6D23-41E7-995D-896FB7ACB8CF}.Release|x86.Build.0 = Release|Win32
	EndGlobalSection
	GlobalSection(SolutionProperties) = preSolution
		HideSolutionNode = FALSE
	EndGlobalSection
	GlobalSection(ExtensibilityGlobals) = postSolution
		SolutionGuid = {5E2286A4-999A-425F-98CC-3AF6912A0420}
	EndGlobalSection
EndGlobal
