
Microsoft Visual Studio Solution File, Format Version 12.00
# Visual Studio Version 16
VisualStudioVersion = 16.0.33927.289
MinimumVisualStudioVersion = 10.0.40219.1
Project("{8BC9CEB8-8B4A-11D0-8D11-00A0C91BC942}") = "WEEK16-1", "WEEK16-1\WEEK16-1.vcxproj", "{4DAA47E4-3AD0-4DEC-9E84-F29D176139B8}"
EndProject
Global
	GlobalSection(SolutionConfigurationPlatforms) = preSolution
		Debug|x64 = Debug|x64
		Debug|x86 = Debug|x86
		Release|x64 = Release|x64
		Release|x86 = Release|x86
	EndGlobalSection
	GlobalSection(ProjectConfigurationPlatforms) = postSolution
		{4DAA47E4-3AD0-4DEC-9E84-F29D176139B8}.Debug|x64.ActiveCfg = Debug|x64
		{4DAA47E4-3AD0-4DEC-9E84-F29D176139B8}.Debug|x64.Build.0 = Debug|x64
		{4DAA47E4-3AD0-4DEC-9E84-F29D176139B8}.Debug|x86.ActiveCfg = Debug|Win32
		{4DAA47E4-3AD0-4DEC-9E84-F29D176139B8}.Debug|x86.Build.0 = Debug|Win32
		{4DAA47E4-3AD0-4DEC-9E84-F29D176139B8}.Release|x64.ActiveCfg = Release|x64
		{4DAA47E4-3AD0-4DEC-9E84-F29D176139B8}.Release|x64.Build.0 = Release|x64
		{4DAA47E4-3AD0-4DEC-9E84-F29D176139B8}.Release|x86.ActiveCfg = Release|Win32
		{4DAA47E4-3AD0-4DEC-9E84-F29D176139B8}.Release|x86.Build.0 = Release|Win32
	EndGlobalSection
	GlobalSection(SolutionProperties) = preSolution
		HideSolutionNode = FALSE
	EndGlobalSection
	GlobalSection(ExtensibilityGlobals) = postSolution
		SolutionGuid = {BA13A7D9-86D4-4F15-9B60-5B120080999A}
	EndGlobalSection
EndGlobal
