
Microsoft Visual Studio Solution File, Format Version 12.00
# Visual Studio Version 16
VisualStudioVersion = 16.0.33927.289
MinimumVisualStudioVersion = 10.0.40219.1
Project("{8BC9CEB8-8B4A-11D0-8D11-00A0C91BC942}") = "week12 1111234043", "week12 1111234043\week12 1111234043.vcxproj", "{03F8DB30-926B-48FB-AF67-8F59B368B81E}"
EndProject
Global
	GlobalSection(SolutionConfigurationPlatforms) = preSolution
		Debug|x64 = Debug|x64
		Debug|x86 = Debug|x86
		Release|x64 = Release|x64
		Release|x86 = Release|x86
	EndGlobalSection
	GlobalSection(ProjectConfigurationPlatforms) = postSolution
		{03F8DB30-926B-48FB-AF67-8F59B368B81E}.Debug|x64.ActiveCfg = Debug|x64
		{03F8DB30-926B-48FB-AF67-8F59B368B81E}.Debug|x64.Build.0 = Debug|x64
		{03F8DB30-926B-48FB-AF67-8F59B368B81E}.Debug|x86.ActiveCfg = Debug|Win32
		{03F8DB30-926B-48FB-AF67-8F59B368B81E}.Debug|x86.Build.0 = Debug|Win32
		{03F8DB30-926B-48FB-AF67-8F59B368B81E}.Release|x64.ActiveCfg = Release|x64
		{03F8DB30-926B-48FB-AF67-8F59B368B81E}.Release|x64.Build.0 = Release|x64
		{03F8DB30-926B-48FB-AF67-8F59B368B81E}.Release|x86.ActiveCfg = Release|Win32
		{03F8DB30-926B-48FB-AF67-8F59B368B81E}.Release|x86.Build.0 = Release|Win32
	EndGlobalSection
	GlobalSection(SolutionProperties) = preSolution
		HideSolutionNode = FALSE
	EndGlobalSection
	GlobalSection(ExtensibilityGlobals) = postSolution
		SolutionGuid = {955FCB2F-4DBA-472F-BE2B-FFF572FF76E1}
	EndGlobalSection
EndGlobal
