
Microsoft Visual Studio Solution File, Format Version 12.00
# Visual Studio Version 16
VisualStudioVersion = 16.0.33927.289
MinimumVisualStudioVersion = 10.0.40219.1
Project("{8BC9CEB8-8B4A-11D0-8D11-00A0C91BC942}") = "week12_1111234004", "week12_1111234004\week12_1111234004.vcxproj", "{44422664-8107-42BF-9B39-F0C1E50E6A62}"
EndProject
Global
	GlobalSection(SolutionConfigurationPlatforms) = preSolution
		Debug|x64 = Debug|x64
		Debug|x86 = Debug|x86
		Release|x64 = Release|x64
		Release|x86 = Release|x86
	EndGlobalSection
	GlobalSection(ProjectConfigurationPlatforms) = postSolution
		{44422664-8107-42BF-9B39-F0C1E50E6A62}.Debug|x64.ActiveCfg = Debug|x64
		{44422664-8107-42BF-9B39-F0C1E50E6A62}.Debug|x64.Build.0 = Debug|x64
		{44422664-8107-42BF-9B39-F0C1E50E6A62}.Debug|x86.ActiveCfg = Debug|Win32
		{44422664-8107-42BF-9B39-F0C1E50E6A62}.Debug|x86.Build.0 = Debug|Win32
		{44422664-8107-42BF-9B39-F0C1E50E6A62}.Release|x64.ActiveCfg = Release|x64
		{44422664-8107-42BF-9B39-F0C1E50E6A62}.Release|x64.Build.0 = Release|x64
		{44422664-8107-42BF-9B39-F0C1E50E6A62}.Release|x86.ActiveCfg = Release|Win32
		{44422664-8107-42BF-9B39-F0C1E50E6A62}.Release|x86.Build.0 = Release|Win32
	EndGlobalSection
	GlobalSection(SolutionProperties) = preSolution
		HideSolutionNode = FALSE
	EndGlobalSection
	GlobalSection(ExtensibilityGlobals) = postSolution
		SolutionGuid = {0EDC3CA3-B35C-40F1-92C1-06FF8CDF7BE0}
	EndGlobalSection
EndGlobal
