
Microsoft Visual Studio Solution File, Format Version 12.00
# Visual Studio Version 16
VisualStudioVersion = 16.0.33927.289
MinimumVisualStudioVersion = 10.0.40219.1
Project("{8BC9CEB8-8B4A-11D0-8D11-00A0C91BC942}") = "week6_002", "week6_002.vcxproj", "{02869AB4-20BB-418E-8575-34FFB320F578}"
EndProject
Global
	GlobalSection(SolutionConfigurationPlatforms) = preSolution
		Debug|x64 = Debug|x64
		Debug|x86 = Debug|x86
		Release|x64 = Release|x64
		Release|x86 = Release|x86
	EndGlobalSection
	GlobalSection(ProjectConfigurationPlatforms) = postSolution
		{02869AB4-20BB-418E-8575-34FFB320F578}.Debug|x64.ActiveCfg = Debug|x64
		{02869AB4-20BB-418E-8575-34FFB320F578}.Debug|x64.Build.0 = Debug|x64
		{02869AB4-20BB-418E-8575-34FFB320F578}.Debug|x86.ActiveCfg = Debug|Win32
		{02869AB4-20BB-418E-8575-34FFB320F578}.Debug|x86.Build.0 = Debug|Win32
		{02869AB4-20BB-418E-8575-34FFB320F578}.Release|x64.ActiveCfg = Release|x64
		{02869AB4-20BB-418E-8575-34FFB320F578}.Release|x64.Build.0 = Release|x64
		{02869AB4-20BB-418E-8575-34FFB320F578}.Release|x86.ActiveCfg = Release|Win32
		{02869AB4-20BB-418E-8575-34FFB320F578}.Release|x86.Build.0 = Release|Win32
	EndGlobalSection
	GlobalSection(SolutionProperties) = preSolution
		HideSolutionNode = FALSE
	EndGlobalSection
	GlobalSection(ExtensibilityGlobals) = postSolution
		SolutionGuid = {8865582A-A740-4B9A-9CD1-96AA5EBF2663}
	EndGlobalSection
EndGlobal
