
Microsoft Visual Studio Solution File, Format Version 12.00
# Visual Studio Version 17
VisualStudioVersion = 17.11.35327.3
MinimumVisualStudioVersion = 10.0.40219.1
Project("{8BC9CEB8-8B4A-11D0-8D11-00A0C91BC942}") = "1111234043(平方)", "1111234043(平方)\1111234043(平方).vcxproj", "{5ECC2C7C-6A74-41CA-BC74-770E4E36BBAA}"
EndProject
Global
	GlobalSection(SolutionConfigurationPlatforms) = preSolution
		Debug|x64 = Debug|x64
		Debug|x86 = Debug|x86
		Release|x64 = Release|x64
		Release|x86 = Release|x86
	EndGlobalSection
	GlobalSection(ProjectConfigurationPlatforms) = postSolution
		{5ECC2C7C-6A74-41CA-BC74-770E4E36BBAA}.Debug|x64.ActiveCfg = Debug|x64
		{5ECC2C7C-6A74-41CA-BC74-770E4E36BBAA}.Debug|x64.Build.0 = Debug|x64
		{5ECC2C7C-6A74-41CA-BC74-770E4E36BBAA}.Debug|x86.ActiveCfg = Debug|Win32
		{5ECC2C7C-6A74-41CA-BC74-770E4E36BBAA}.Debug|x86.Build.0 = Debug|Win32
		{5ECC2C7C-6A74-41CA-BC74-770E4E36BBAA}.Release|x64.ActiveCfg = Release|x64
		{5ECC2C7C-6A74-41CA-BC74-770E4E36BBAA}.Release|x64.Build.0 = Release|x64
		{5ECC2C7C-6A74-41CA-BC74-770E4E36BBAA}.Release|x86.ActiveCfg = Release|Win32
		{5ECC2C7C-6A74-41CA-BC74-770E4E36BBAA}.Release|x86.Build.0 = Release|Win32
	EndGlobalSection
	GlobalSection(SolutionProperties) = preSolution
		HideSolutionNode = FALSE
	EndGlobalSection
	GlobalSection(ExtensibilityGlobals) = postSolution
		SolutionGuid = {FEC7940D-018D-439B-B398-926913504536}
	EndGlobalSection
EndGlobal
