
Microsoft Visual Studio Solution File, Format Version 12.00
# Visual Studio Version 16
VisualStudioVersion = 16.0.33927.289
MinimumVisualStudioVersion = 10.0.40219.1
Project("{8BC9CEB8-8B4A-11D0-8D11-00A0C91BC942}") = "week1_1111234004", "week1_1111234004\week1_1111234004.vcxproj", "{8DDEEA03-94B2-4336-A0D0-8B9B114F401C}"
EndProject
Global
	GlobalSection(SolutionConfigurationPlatforms) = preSolution
		Debug|x64 = Debug|x64
		Debug|x86 = Debug|x86
		Release|x64 = Release|x64
		Release|x86 = Release|x86
	EndGlobalSection
	GlobalSection(ProjectConfigurationPlatforms) = postSolution
		{8DDEEA03-94B2-4336-A0D0-8B9B114F401C}.Debug|x64.ActiveCfg = Debug|x64
		{8DDEEA03-94B2-4336-A0D0-8B9B114F401C}.Debug|x64.Build.0 = Debug|x64
		{8DDEEA03-94B2-4336-A0D0-8B9B114F401C}.Debug|x86.ActiveCfg = Debug|Win32
		{8DDEEA03-94B2-4336-A0D0-8B9B114F401C}.Debug|x86.Build.0 = Debug|Win32
		{8DDEEA03-94B2-4336-A0D0-8B9B114F401C}.Release|x64.ActiveCfg = Release|x64
		{8DDEEA03-94B2-4336-A0D0-8B9B114F401C}.Release|x64.Build.0 = Release|x64
		{8DDEEA03-94B2-4336-A0D0-8B9B114F401C}.Release|x86.ActiveCfg = Release|Win32
		{8DDEEA03-94B2-4336-A0D0-8B9B114F401C}.Release|x86.Build.0 = Release|Win32
	EndGlobalSection
	GlobalSection(SolutionProperties) = preSolution
		HideSolutionNode = FALSE
	EndGlobalSection
	GlobalSection(ExtensibilityGlobals) = postSolution
		SolutionGuid = {9817DF1C-CDB7-41E2-A4AA-E130C5827C79}
	EndGlobalSection
EndGlobal
