
Microsoft Visual Studio Solution File, Format Version 12.00
# Visual Studio Version 16
VisualStudioVersion = 16.0.33927.289
MinimumVisualStudioVersion = 10.0.40219.1
Project("{8BC9CEB8-8B4A-11D0-8D11-00A0C91BC942}") = "250326_第二題", "250326_第二題\250326_第二題.vcxproj", "{7FA2BE03-CCA3-44A2-BE58-0647E32196BF}"
EndProject
Global
	GlobalSection(SolutionConfigurationPlatforms) = preSolution
		Debug|x64 = Debug|x64
		Debug|x86 = Debug|x86
		Release|x64 = Release|x64
		Release|x86 = Release|x86
	EndGlobalSection
	GlobalSection(ProjectConfigurationPlatforms) = postSolution
		{7FA2BE03-CCA3-44A2-BE58-0647E32196BF}.Debug|x64.ActiveCfg = Debug|x64
		{7FA2BE03-CCA3-44A2-BE58-0647E32196BF}.Debug|x64.Build.0 = Debug|x64
		{7FA2BE03-CCA3-44A2-BE58-0647E32196BF}.Debug|x86.ActiveCfg = Debug|Win32
		{7FA2BE03-CCA3-44A2-BE58-0647E32196BF}.Debug|x86.Build.0 = Debug|Win32
		{7FA2BE03-CCA3-44A2-BE58-0647E32196BF}.Release|x64.ActiveCfg = Release|x64
		{7FA2BE03-CCA3-44A2-BE58-0647E32196BF}.Release|x64.Build.0 = Release|x64
		{7FA2BE03-CCA3-44A2-BE58-0647E32196BF}.Release|x86.ActiveCfg = Release|Win32
		{7FA2BE03-CCA3-44A2-BE58-0647E32196BF}.Release|x86.Build.0 = Release|Win32
	EndGlobalSection
	GlobalSection(SolutionProperties) = preSolution
		HideSolutionNode = FALSE
	EndGlobalSection
	GlobalSection(ExtensibilityGlobals) = postSolution
		SolutionGuid = {4A5C6540-B169-4531-9833-23EC46B714EC}
	EndGlobalSection
EndGlobal
