
Microsoft Visual Studio Solution File, Format Version 12.00
# Visual Studio Version 16
VisualStudioVersion = 16.0.33927.289
MinimumVisualStudioVersion = 10.0.40219.1
Project("{8BC9CEB8-8B4A-11D0-8D11-00A0C91BC942}") = "W10_02_008", "W10_02_008\W10_02_008.vcxproj", "{D54CC749-8394-44A6-AF12-EE866D2DE515}"
EndProject
Global
	GlobalSection(SolutionConfigurationPlatforms) = preSolution
		Debug|x64 = Debug|x64
		Debug|x86 = Debug|x86
		Release|x64 = Release|x64
		Release|x86 = Release|x86
	EndGlobalSection
	GlobalSection(ProjectConfigurationPlatforms) = postSolution
		{D54CC749-8394-44A6-AF12-EE866D2DE515}.Debug|x64.ActiveCfg = Debug|x64
		{D54CC749-8394-44A6-AF12-EE866D2DE515}.Debug|x64.Build.0 = Debug|x64
		{D54CC749-8394-44A6-AF12-EE866D2DE515}.Debug|x86.ActiveCfg = Debug|Win32
		{D54CC749-8394-44A6-AF12-EE866D2DE515}.Debug|x86.Build.0 = Debug|Win32
		{D54CC749-8394-44A6-AF12-EE866D2DE515}.Release|x64.ActiveCfg = Release|x64
		{D54CC749-8394-44A6-AF12-EE866D2DE515}.Release|x64.Build.0 = Release|x64
		{D54CC749-8394-44A6-AF12-EE866D2DE515}.Release|x86.ActiveCfg = Release|Win32
		{D54CC749-8394-44A6-AF12-EE866D2DE515}.Release|x86.Build.0 = Release|Win32
	EndGlobalSection
	GlobalSection(SolutionProperties) = preSolution
		HideSolutionNode = FALSE
	EndGlobalSection
	GlobalSection(ExtensibilityGlobals) = postSolution
		SolutionGuid = {C247B70D-0903-442D-A00C-7C4AE6EF289A}
	EndGlobalSection
EndGlobal
