
Microsoft Visual Studio Solution File, Format Version 12.00
# Visual Studio Version 16
VisualStudioVersion = 16.0.33927.289
MinimumVisualStudioVersion = 10.0.40219.1
Project("{8BC9CEB8-8B4A-11D0-8D11-00A0C91BC942}") = "week 0226", "week 0226\week 0226.vcxproj", "{62E0320C-6D40-4D0E-B1B3-6F1EF8235738}"
EndProject
Global
	GlobalSection(SolutionConfigurationPlatforms) = preSolution
		Debug|x64 = Debug|x64
		Debug|x86 = Debug|x86
		Release|x64 = Release|x64
		Release|x86 = Release|x86
	EndGlobalSection
	GlobalSection(ProjectConfigurationPlatforms) = postSolution
		{62E0320C-6D40-4D0E-B1B3-6F1EF8235738}.Debug|x64.ActiveCfg = Debug|x64
		{62E0320C-6D40-4D0E-B1B3-6F1EF8235738}.Debug|x64.Build.0 = Debug|x64
		{62E0320C-6D40-4D0E-B1B3-6F1EF8235738}.Debug|x86.ActiveCfg = Debug|Win32
		{62E0320C-6D40-4D0E-B1B3-6F1EF8235738}.Debug|x86.Build.0 = Debug|Win32
		{62E0320C-6D40-4D0E-B1B3-6F1EF8235738}.Release|x64.ActiveCfg = Release|x64
		{62E0320C-6D40-4D0E-B1B3-6F1EF8235738}.Release|x64.Build.0 = Release|x64
		{62E0320C-6D40-4D0E-B1B3-6F1EF8235738}.Release|x86.ActiveCfg = Release|Win32
		{62E0320C-6D40-4D0E-B1B3-6F1EF8235738}.Release|x86.Build.0 = Release|Win32
	EndGlobalSection
	GlobalSection(SolutionProperties) = preSolution
		HideSolutionNode = FALSE
	EndGlobalSection
	GlobalSection(ExtensibilityGlobals) = postSolution
		SolutionGuid = {AD9B5D12-3EBE-414E-924E-5350F9B0F4AF}
	EndGlobalSection
EndGlobal
