
Microsoft Visual Studio Solution File, Format Version 12.00
# Visual Studio Version 16
VisualStudioVersion = 16.0.33927.289
MinimumVisualStudioVersion = 10.0.40219.1
Project("{8BC9CEB8-8B4A-11D0-8D11-00A0C91BC942}") = "week7_002", "week7_002.vcxproj", "{AA591B6A-5E67-4708-B934-B047BC0F5DFF}"
EndProject
Global
	GlobalSection(SolutionConfigurationPlatforms) = preSolution
		Debug|x64 = Debug|x64
		Debug|x86 = Debug|x86
		Release|x64 = Release|x64
		Release|x86 = Release|x86
	EndGlobalSection
	GlobalSection(ProjectConfigurationPlatforms) = postSolution
		{AA591B6A-5E67-4708-B934-B047BC0F5DFF}.Debug|x64.ActiveCfg = Debug|x64
		{AA591B6A-5E67-4708-B934-B047BC0F5DFF}.Debug|x64.Build.0 = Debug|x64
		{AA591B6A-5E67-4708-B934-B047BC0F5DFF}.Debug|x86.ActiveCfg = Debug|Win32
		{AA591B6A-5E67-4708-B934-B047BC0F5DFF}.Debug|x86.Build.0 = Debug|Win32
		{AA591B6A-5E67-4708-B934-B047BC0F5DFF}.Release|x64.ActiveCfg = Release|x64
		{AA591B6A-5E67-4708-B934-B047BC0F5DFF}.Release|x64.Build.0 = Release|x64
		{AA591B6A-5E67-4708-B934-B047BC0F5DFF}.Release|x86.ActiveCfg = Release|Win32
		{AA591B6A-5E67-4708-B934-B047BC0F5DFF}.Release|x86.Build.0 = Release|Win32
	EndGlobalSection
	GlobalSection(SolutionProperties) = preSolution
		HideSolutionNode = FALSE
	EndGlobalSection
	GlobalSection(ExtensibilityGlobals) = postSolution
		SolutionGuid = {14EB38EB-AB3C-44F4-B554-5F4E6F504823}
	EndGlobalSection
EndGlobal
