
Microsoft Visual Studio Solution File, Format Version 12.00
# Visual Studio Version 17
VisualStudioVersion = 17.11.35327.3
MinimumVisualStudioVersion = 10.0.40219.1
Project("{8BC9CEB8-8B4A-11D0-8D11-00A0C91BC942}") = "week6", "week6\week6.vcxproj", "{0956ED9E-913E-462E-BA4A-154A1BC0D7E2}"
EndProject
Global
	GlobalSection(SolutionConfigurationPlatforms) = preSolution
		Debug|x64 = Debug|x64
		Debug|x86 = Debug|x86
		Release|x64 = Release|x64
		Release|x86 = Release|x86
	EndGlobalSection
	GlobalSection(ProjectConfigurationPlatforms) = postSolution
		{0956ED9E-913E-462E-BA4A-154A1BC0D7E2}.Debug|x64.ActiveCfg = Debug|x64
		{0956ED9E-913E-462E-BA4A-154A1BC0D7E2}.Debug|x64.Build.0 = Debug|x64
		{0956ED9E-913E-462E-BA4A-154A1BC0D7E2}.Debug|x86.ActiveCfg = Debug|Win32
		{0956ED9E-913E-462E-BA4A-154A1BC0D7E2}.Debug|x86.Build.0 = Debug|Win32
		{0956ED9E-913E-462E-BA4A-154A1BC0D7E2}.Release|x64.ActiveCfg = Release|x64
		{0956ED9E-913E-462E-BA4A-154A1BC0D7E2}.Release|x64.Build.0 = Release|x64
		{0956ED9E-913E-462E-BA4A-154A1BC0D7E2}.Release|x86.ActiveCfg = Release|Win32
		{0956ED9E-913E-462E-BA4A-154A1BC0D7E2}.Release|x86.Build.0 = Release|Win32
	EndGlobalSection
	GlobalSection(SolutionProperties) = preSolution
		HideSolutionNode = FALSE
	EndGlobalSection
	GlobalSection(ExtensibilityGlobals) = postSolution
		SolutionGuid = {A24EDDF8-DCAB-4837-B013-5EE8F581D79D}
	EndGlobalSection
EndGlobal
